
Microsoft Visual Studio Solution File, Format Version 12.00
# Visual Studio Version 16
VisualStudioVersion = 16.0.31613.86
MinimumVisualStudioVersion = 10.0.40219.1
Project("{9A19103F-16F7-4668-BE54-9A1E7A4F7556}") = "UnionRemotePatcher", "UnionRemotePatcher\UnionRemotePatcher.csproj", "{BCE6D7E2-7AC8-4226-BBB7-2B4F3BB218F6}"
EndProject
Project("{9A19103F-16F7-4668-BE54-9A1E7A4F7556}") = "UnionRemotePatcher.Gtk", "UnionRemotePatcher.Gtk\UnionRemotePatcher.Gtk.csproj", "{4E018784-A4C2-475B-B86A-D027B69511FB}"
EndProject
Project("{9A19103F-16F7-4668-BE54-9A1E7A4F7556}") = "UnionRemotePatcher.Mac", "UnionRemotePatcher.Mac\UnionRemotePatcher.Mac.csproj", "{A0BADF4C-9E38-4BE3-97FD-FA2FEE11A742}"
EndProject
Project("{9A19103F-16F7-4668-BE54-9A1E7A4F7556}") = "UnionRemotePatcher.Wpf", "UnionRemotePatcher.Wpf\UnionRemotePatcher.Wpf.csproj", "{0398E74C-6F29-44F3-84B6-9881C32DB350}"
EndProject
Project("{2150E333-8FDC-42A3-9474-1A3956D46DE8}") = "GUI", "GUI", "{50BA1405-C272-4AE1-B641-150472D42E15}"
EndProject
Project("{9A19103F-16F7-4668-BE54-9A1E7A4F7556}") = "UnionPatcher", "..\UnionPatcher\UnionPatcher\UnionPatcher.csproj", "{01D07D44-D1CA-4906-9151-6B10073E2B45}"
EndProject
Global
	GlobalSection(SolutionConfigurationPlatforms) = preSolution
		Debug|Any CPU = Debug|Any CPU
		Debug|x64 = Debug|x64
		Debug|x86 = Debug|x86
		Release|Any CPU = Release|Any CPU
		Release|x64 = Release|x64
		Release|x86 = Release|x86
		Windows|Any CPU = Windows|Any CPU
		Windows|x64 = Windows|x64
		Windows|x86 = Windows|x86
	EndGlobalSection
	GlobalSection(ProjectConfigurationPlatforms) = postSolution
		{BCE6D7E2-7AC8-4226-BBB7-2B4F3BB218F6}.Debug|Any CPU.ActiveCfg = Debug|Any CPU
		{BCE6D7E2-7AC8-4226-BBB7-2B4F3BB218F6}.Debug|Any CPU.Build.0 = Debug|Any CPU
		{BCE6D7E2-7AC8-4226-BBB7-2B4F3BB218F6}.Debug|x64.ActiveCfg = Debug|Any CPU
		{BCE6D7E2-7AC8-4226-BBB7-2B4F3BB218F6}.Debug|x64.Build.0 = Debug|Any CPU
		{BCE6D7E2-7AC8-4226-BBB7-2B4F3BB218F6}.Debug|x86.ActiveCfg = Debug|Any CPU
		{BCE6D7E2-7AC8-4226-BBB7-2B4F3BB218F6}.Debug|x86.Build.0 = Debug|Any CPU
		{BCE6D7E2-7AC8-4226-BBB7-2B4F3BB218F6}.Release|Any CPU.ActiveCfg = Release|Any CPU
		{BCE6D7E2-7AC8-4226-BBB7-2B4F3BB218F6}.Release|Any CPU.Build.0 = Release|Any CPU
		{BCE6D7E2-7AC8-4226-BBB7-2B4F3BB218F6}.Release|x64.ActiveCfg = Release|Any CPU
		{BCE6D7E2-7AC8-4226-BBB7-2B4F3BB218F6}.Release|x64.Build.0 = Release|Any CPU
		{BCE6D7E2-7AC8-4226-BBB7-2B4F3BB218F6}.Release|x86.ActiveCfg = Release|Any CPU
		{BCE6D7E2-7AC8-4226-BBB7-2B4F3BB218F6}.Release|x86.Build.0 = Release|Any CPU
		{BCE6D7E2-7AC8-4226-BBB7-2B4F3BB218F6}.Windows|Any CPU.ActiveCfg = Debug|Any CPU
		{BCE6D7E2-7AC8-4226-BBB7-2B4F3BB218F6}.Windows|Any CPU.Build.0 = Debug|Any CPU
		{BCE6D7E2-7AC8-4226-BBB7-2B4F3BB218F6}.Windows|x64.ActiveCfg = Release|Any CPU
		{BCE6D7E2-7AC8-4226-BBB7-2B4F3BB218F6}.Windows|x64.Build.0 = Release|Any CPU
		{BCE6D7E2-7AC8-4226-BBB7-2B4F3BB218F6}.Windows|x86.ActiveCfg = Release|Any CPU
		{BCE6D7E2-7AC8-4226-BBB7-2B4F3BB218F6}.Windows|x86.Build.0 = Release|Any CPU
		{4E018784-A4C2-475B-B86A-D027B69511FB}.Debug|Any CPU.ActiveCfg = Debug|Any CPU
		{4E018784-A4C2-475B-B86A-D027B69511FB}.Debug|Any CPU.Build.0 = Debug|Any CPU
		{4E018784-A4C2-475B-B86A-D027B69511FB}.Debug|x64.ActiveCfg = Debug|Any CPU
		{4E018784-A4C2-475B-B86A-D027B69511FB}.Debug|x64.Build.0 = Debug|Any CPU
		{4E018784-A4C2-475B-B86A-D027B69511FB}.Debug|x86.ActiveCfg = Debug|Any CPU
		{4E018784-A4C2-475B-B86A-D027B69511FB}.Debug|x86.Build.0 = Debug|Any CPU
		{4E018784-A4C2-475B-B86A-D027B69511FB}.Release|Any CPU.ActiveCfg = Release|Any CPU
		{4E018784-A4C2-475B-B86A-D027B69511FB}.Release|Any CPU.Build.0 = Release|Any CPU
		{4E018784-A4C2-475B-B86A-D027B69511FB}.Release|x64.ActiveCfg = Release|Any CPU
		{4E018784-A4C2-475B-B86A-D027B69511FB}.Release|x64.Build.0 = Release|Any CPU
		{4E018784-A4C2-475B-B86A-D027B69511FB}.Release|x86.ActiveCfg = Release|Any CPU
		{4E018784-A4C2-475B-B86A-D027B69511FB}.Release|x86.Build.0 = Release|Any CPU
		{4E018784-A4C2-475B-B86A-D027B69511FB}.Windows|Any CPU.ActiveCfg = Debug|Any CPU
		{4E018784-A4C2-475B-B86A-D027B69511FB}.Windows|Any CPU.Build.0 = Debug|Any CPU
		{4E018784-A4C2-475B-B86A-D027B69511FB}.Windows|x64.ActiveCfg = Release|Any CPU
		{4E018784-A4C2-475B-B86A-D027B69511FB}.Windows|x64.Build.0 = Release|Any CPU
		{4E018784-A4C2-475B-B86A-D027B69511FB}.Windows|x86.ActiveCfg = Release|Any CPU
		{4E018784-A4C2-475B-B86A-D027B69511FB}.Windows|x86.Build.0 = Release|Any CPU
		{A0BADF4C-9E38-4BE3-97FD-FA2FEE11A742}.Debug|Any CPU.ActiveCfg = Debug|Any CPU
		{A0BADF4C-9E38-4BE3-97FD-FA2FEE11A742}.Debug|Any CPU.Build.0 = Debug|Any CPU
		{A0BADF4C-9E38-4BE3-97FD-FA2FEE11A742}.Debug|x64.ActiveCfg = Debug|Any CPU
		{A0BADF4C-9E38-4BE3-97FD-FA2FEE11A742}.Debug|x64.Build.0 = Debug|Any CPU
		{A0BADF4C-9E38-4BE3-97FD-FA2FEE11A742}.Debug|x86.ActiveCfg = Debug|Any CPU
		{A0BADF4C-9E38-4BE3-97FD-FA2FEE11A742}.Debug|x86.Build.0 = Debug|Any CPU
		{A0BADF4C-9E38-4BE3-97FD-FA2FEE11A742}.Release|Any CPU.ActiveCfg = Release|Any CPU
		{A0BADF4C-9E38-4BE3-97FD-FA2FEE11A742}.Release|Any CPU.Build.0 = Release|Any CPU
		{A0BADF4C-9E38-4BE3-97FD-FA2FEE11A742}.Release|x64.ActiveCfg = Release|Any CPU
		{A0BADF4C-9E38-4BE3-97FD-FA2FEE11A742}.Release|x64.Build.0 = Release|Any CPU
		{A0BADF4C-9E38-4BE3-97FD-FA2FEE11A742}.Release|x86.ActiveCfg = Release|Any CPU
		{A0BADF4C-9E38-4BE3-97FD-FA2FEE11A742}.Release|x86.Build.0 = Release|Any CPU
		{A0BADF4C-9E38-4BE3-97FD-FA2FEE11A742}.Windows|Any CPU.ActiveCfg = Debug|Any CPU
		{A0BADF4C-9E38-4BE3-97FD-FA2FEE11A742}.Windows|Any CPU.Build.0 = Debug|Any CPU
		{A0BADF4C-9E38-4BE3-97FD-FA2FEE11A742}.Windows|x64.ActiveCfg = Release|Any CPU
		{A0BADF4C-9E38-4BE3-97FD-FA2FEE11A742}.Windows|x64.Build.0 = Release|Any CPU
		{A0BADF4C-9E38-4BE3-97FD-FA2FEE11A742}.Windows|x86.ActiveCfg = Release|Any CPU
		{A0BADF4C-9E38-4BE3-97FD-FA2FEE11A742}.Windows|x86.Build.0 = Release|Any CPU
		{0398E74C-6F29-44F3-84B6-9881C32DB350}.Debug|Any CPU.ActiveCfg = Debug|Any CPU
		{0398E74C-6F29-44F3-84B6-9881C32DB350}.Debug|Any CPU.Build.0 = Debug|Any CPU
		{0398E74C-6F29-44F3-84B6-9881C32DB350}.Debug|x64.ActiveCfg = Debug|Any CPU
		{0398E74C-6F29-44F3-84B6-9881C32DB350}.Debug|x64.Build.0 = Debug|Any CPU
		{0398E74C-6F29-44F3-84B6-9881C32DB350}.Debug|x86.ActiveCfg = Debug|Any CPU
		{0398E74C-6F29-44F3-84B6-9881C32DB350}.Debug|x86.Build.0 = Debug|Any CPU
		{0398E74C-6F29-44F3-84B6-9881C32DB350}.Release|Any CPU.ActiveCfg = Release|Any CPU
		{0398E74C-6F29-44F3-84B6-9881C32DB350}.Release|Any CPU.Build.0 = Release|Any CPU
		{0398E74C-6F29-44F3-84B6-9881C32DB350}.Release|x64.ActiveCfg = Release|Any CPU
		{0398E74C-6F29-44F3-84B6-9881C32DB350}.Release|x64.Build.0 = Release|Any CPU
		{0398E74C-6F29-44F3-84B6-9881C32DB350}.Release|x86.ActiveCfg = Release|Any CPU
		{0398E74C-6F29-44F3-84B6-9881C32DB350}.Release|x86.Build.0 = Release|Any CPU
		{0398E74C-6F29-44F3-84B6-9881C32DB350}.Windows|Any CPU.ActiveCfg = Debug|Any CPU
		{0398E74C-6F29-44F3-84B6-9881C32DB350}.Windows|Any CPU.Build.0 = Debug|Any CPU
		{0398E74C-6F29-44F3-84B6-9881C32DB350}.Windows|x64.ActiveCfg = Release|Any CPU
		{0398E74C-6F29-44F3-84B6-9881C32DB350}.Windows|x64.Build.0 = Release|Any CPU
		{0398E74C-6F29-44F3-84B6-9881C32DB350}.Windows|x86.ActiveCfg = Release|Any CPU
		{0398E74C-6F29-44F3-84B6-9881C32DB350}.Windows|x86.Build.0 = Release|Any CPU
		{01D07D44-D1CA-4906-9151-6B10073E2B45}.Debug|Any CPU.ActiveCfg = Debug|Any CPU
		{01D07D44-D1CA-4906-9151-6B10073E2B45}.Debug|Any CPU.Build.0 = Debug|Any CPU
		{01D07D44-D1CA-4906-9151-6B10073E2B45}.Debug|x64.ActiveCfg = Debug|Any CPU
		{01D07D44-D1CA-4906-9151-6B10073E2B45}.Debug|x64.Build.0 = Debug|Any CPU
		{01D07D44-D1CA-4906-9151-6B10073E2B45}.Debug|x86.ActiveCfg = Debug|Any CPU
		{01D07D44-D1CA-4906-9151-6B10073E2B45}.Debug|x86.Build.0 = Debug|Any CPU
		{01D07D44-D1CA-4906-9151-6B10073E2B45}.Release|Any CPU.ActiveCfg = Release|Any CPU
		{01D07D44-D1CA-4906-9151-6B10073E2B45}.Release|Any CPU.Build.0 = Release|Any CPU
		{01D07D44-D1CA-4906-9151-6B10073E2B45}.Release|x64.ActiveCfg = Release|Any CPU
		{01D07D44-D1CA-4906-9151-6B10073E2B45}.Release|x64.Build.0 = Release|Any CPU
		{01D07D44-D1CA-4906-9151-6B10073E2B45}.Release|x86.ActiveCfg = Release|Any CPU
		{01D07D44-D1CA-4906-9151-6B10073E2B45}.Release|x86.Build.0 = Release|Any CPU
		{01D07D44-D1CA-4906-9151-6B10073E2B45}.Windows|Any CPU.ActiveCfg = Windows|Any CPU
		{01D07D44-D1CA-4906-9151-6B10073E2B45}.Windows|Any CPU.Build.0 = Windows|Any CPU
		{01D07D44-D1CA-4906-9151-6B10073E2B45}.Windows|x64.ActiveCfg = Windows|Any CPU
		{01D07D44-D1CA-4906-9151-6B10073E2B45}.Windows|x64.Build.0 = Windows|Any CPU
		{01D07D44-D1CA-4906-9151-6B10073E2B45}.Windows|x86.ActiveCfg = Windows|Any CPU
		{01D07D44-D1CA-4906-9151-6B10073E2B45}.Windows|x86.Build.0 = Windows|Any CPU
	EndGlobalSection
	GlobalSection(SolutionProperties) = preSolution
		HideSolutionNode = FALSE
	EndGlobalSection
	GlobalSection(NestedProjects) = preSolution
		{4E018784-A4C2-475B-B86A-D027B69511FB} = {50BA1405-C272-4AE1-B641-150472D42E15}
		{A0BADF4C-9E38-4BE3-97FD-FA2FEE11A742} = {50BA1405-C272-4AE1-B641-150472D42E15}
		{0398E74C-6F29-44F3-84B6-9881C32DB350} = {50BA1405-C272-4AE1-B641-150472D42E15}
	EndGlobalSection
	GlobalSection(ExtensibilityGlobals) = postSolution
		SolutionGuid = {EE1DCF53-8951-44CD-B91B-52E2B695E36E}
	EndGlobalSection
EndGlobal
